
Microsoft Visual Studio Solution File, Format Version 12.00
# Visual Studio Express 15 for Windows Desktop
VisualStudioVersion = 15.0.28307.902
MinimumVisualStudioVersion = 10.0.40219.1
Project("{FAE04EC0-301F-11D3-BF4B-00C04F79EFBC}") = "LibFastPolitics1919", "LibFastPolitics1919\LibFastPolitics1919.csproj", "{A26EC196-3ECD-4470-A628-46F9E9A8E1FB}"
EndProject
Global
	GlobalSection(SolutionConfigurationPlatforms) = preSolution
		Debug|Any CPU = Debug|Any CPU
		Release|Any CPU = Release|Any CPU
	EndGlobalSection
	GlobalSection(ProjectConfigurationPlatforms) = postSolution
		{A26EC196-3ECD-4470-A628-46F9E9A8E1FB}.Debug|Any CPU.ActiveCfg = Debug|Any CPU
		{A26EC196-3ECD-4470-A628-46F9E9A8E1FB}.Debug|Any CPU.Build.0 = Debug|Any CPU
		{A26EC196-3ECD-4470-A628-46F9E9A8E1FB}.Release|Any CPU.ActiveCfg = Release|Any CPU
		{A26EC196-3ECD-4470-A628-46F9E9A8E1FB}.Release|Any CPU.Build.0 = Release|Any CPU
	EndGlobalSection
	GlobalSection(SolutionProperties) = preSolution
		HideSolutionNode = FALSE
	EndGlobalSection
	GlobalSection(ExtensibilityGlobals) = postSolution
		SolutionGuid = {D1390E03-929F-45AA-81C0-4CD6E7AEB893}
	EndGlobalSection
EndGlobal
